// !$*UTF8*$!
{
	archiveVersion = 1;
	classes = {
	};
	objectVersion = 48;
	objects = {

/* Begin PBXBuildFile section */
		0F24E040973335E02E247D4A /* Pods_FowlTalk.framework in Frameworks */ = {isa = PBXBuildFile; fileRef = 2934E1D272708AB023689460 /* Pods_FowlTalk.framework */; };
		F35B0116204B909A00AB1BB4 /* AppDelegate.swift in Sources */ = {isa = PBXBuildFile; fileRef = F35B0115204B909A00AB1BB4 /* AppDelegate.swift */; };
		F35B0118204B909A00AB1BB4 /* ChatViewController.swift in Sources */ = {isa = PBXBuildFile; fileRef = F35B0117204B909A00AB1BB4 /* ChatViewController.swift */; };
		F35B011B204B909A00AB1BB4 /* Main.storyboard in Resources */ = {isa = PBXBuildFile; fileRef = F35B0119204B909A00AB1BB4 /* Main.storyboard */; };
		F35B011D204B909A00AB1BB4 /* Assets.xcassets in Resources */ = {isa = PBXBuildFile; fileRef = F35B011C204B909A00AB1BB4 /* Assets.xcassets */; };
		F35B0120204B909A00AB1BB4 /* LaunchScreen.storyboard in Resources */ = {isa = PBXBuildFile; fileRef = F35B011E204B909A00AB1BB4 /* LaunchScreen.storyboard */; };
		F35B0128204B965200AB1BB4 /* Podfile in Resources */ = {isa = PBXBuildFile; fileRef = F35B0127204B965200AB1BB4 /* Podfile */; };
		F35B012B204B9DAC00AB1BB4 /* GoogleService-Info.plist in Resources */ = {isa = PBXBuildFile; fileRef = F35B012A204B9DAC00AB1BB4 /* GoogleService-Info.plist */; };
		F35B012D204B9EB700AB1BB4 /* Constants.swift in Sources */ = {isa = PBXBuildFile; fileRef = F35B012C204B9EB700AB1BB4 /* Constants.swift */; };
		F35B0130204CEFF200AB1BB4 /* LocationViewController.swift in Sources */ = {isa = PBXBuildFile; fileRef = F35B012F204CEFF200AB1BB4 /* LocationViewController.swift */; };
		F35B014A204E31BD00AB1BB4 /* Contents.json in Resources */ = {isa = PBXBuildFile; fileRef = F35B0132204E31BD00AB1BB4 /* Contents.json */; };
		F35B014B204E31BD00AB1BB4 /* Icon-App-20x20@1x.png in Resources */ = {isa = PBXBuildFile; fileRef = F35B0133204E31BD00AB1BB4 /* Icon-App-20x20@1x.png */; };
		F35B014C204E31BD00AB1BB4 /* Icon-App-20x20@2x.png in Resources */ = {isa = PBXBuildFile; fileRef = F35B0134204E31BD00AB1BB4 /* Icon-App-20x20@2x.png */; };
		F35B014D204E31BD00AB1BB4 /* Icon-App-20x20@3x.png in Resources */ = {isa = PBXBuildFile; fileRef = F35B0135204E31BD00AB1BB4 /* Icon-App-20x20@3x.png */; };
		F35B014E204E31BD00AB1BB4 /* Icon-App-29x29@1x.png in Resources */ = {isa = PBXBuildFile; fileRef = F35B0136204E31BD00AB1BB4 /* Icon-App-29x29@1x.png */; };
		F35B014F204E31BD00AB1BB4 /* Icon-App-29x29@2x.png in Resources */ = {isa = PBXBuildFile; fileRef = F35B0137204E31BD00AB1BB4 /* Icon-App-29x29@2x.png */; };
		F35B0150204E31BD00AB1BB4 /* Icon-App-29x29@3x.png in Resources */ = {isa = PBXBuildFile; fileRef = F35B0138204E31BD00AB1BB4 /* Icon-App-29x29@3x.png */; };
		F35B0151204E31BD00AB1BB4 /* Icon-App-40x40@1x.png in Resources */ = {isa = PBXBuildFile; fileRef = F35B0139204E31BD00AB1BB4 /* Icon-App-40x40@1x.png */; };
		F35B0152204E31BD00AB1BB4 /* Icon-App-40x40@2x.png in Resources */ = {isa = PBXBuildFile; fileRef = F35B013A204E31BD00AB1BB4 /* Icon-App-40x40@2x.png */; };
		F35B0153204E31BD00AB1BB4 /* Icon-App-40x40@3x.png in Resources */ = {isa = PBXBuildFile; fileRef = F35B013B204E31BD00AB1BB4 /* Icon-App-40x40@3x.png */; };
		F35B0154204E31BD00AB1BB4 /* Icon-App-57x57@1x.png in Resources */ = {isa = PBXBuildFile; fileRef = F35B013C204E31BD00AB1BB4 /* Icon-App-57x57@1x.png */; };
		F35B0155204E31BD00AB1BB4 /* Icon-App-57x57@2x.png in Resources */ = {isa = PBXBuildFile; fileRef = F35B013D204E31BD00AB1BB4 /* Icon-App-57x57@2x.png */; };
		F35B0156204E31BD00AB1BB4 /* Icon-App-60x60@1x.png in Resources */ = {isa = PBXBuildFile; fileRef = F35B013E204E31BD00AB1BB4 /* Icon-App-60x60@1x.png */; };
		F35B0157204E31BD00AB1BB4 /* Icon-App-60x60@2x.png in Resources */ = {isa = PBXBuildFile; fileRef = F35B013F204E31BD00AB1BB4 /* Icon-App-60x60@2x.png */; };
		F35B0158204E31BD00AB1BB4 /* Icon-App-60x60@3x.png in Resources */ = {isa = PBXBuildFile; fileRef = F35B0140204E31BD00AB1BB4 /* Icon-App-60x60@3x.png */; };
		F35B0159204E31BD00AB1BB4 /* Icon-App-72x72@1x.png in Resources */ = {isa = PBXBuildFile; fileRef = F35B0141204E31BD00AB1BB4 /* Icon-App-72x72@1x.png */; };
		F35B015A204E31BD00AB1BB4 /* Icon-App-72x72@2x.png in Resources */ = {isa = PBXBuildFile; fileRef = F35B0142204E31BD00AB1BB4 /* Icon-App-72x72@2x.png */; };
		F35B015B204E31BD00AB1BB4 /* Icon-App-76x76@1x.png in Resources */ = {isa = PBXBuildFile; fileRef = F35B0143204E31BD00AB1BB4 /* Icon-App-76x76@1x.png */; };
		F35B015C204E31BD00AB1BB4 /* Icon-App-76x76@2x.png in Resources */ = {isa = PBXBuildFile; fileRef = F35B0144204E31BD00AB1BB4 /* Icon-App-76x76@2x.png */; };
		F35B015D204E31BD00AB1BB4 /* Icon-App-76x76@3x.png in Resources */ = {isa = PBXBuildFile; fileRef = F35B0145204E31BD00AB1BB4 /* Icon-App-76x76@3x.png */; };
		F35B015E204E31BD00AB1BB4 /* Icon-App-83.5x83.5@2x.png in Resources */ = {isa = PBXBuildFile; fileRef = F35B0146204E31BD00AB1BB4 /* Icon-App-83.5x83.5@2x.png */; };
		F35B015F204E31BD00AB1BB4 /* Icon-Small-50x50@1x.png in Resources */ = {isa = PBXBuildFile; fileRef = F35B0147204E31BD00AB1BB4 /* Icon-Small-50x50@1x.png */; };
		F35B0160204E31BD00AB1BB4 /* Icon-Small-50x50@2x.png in Resources */ = {isa = PBXBuildFile; fileRef = F35B0148204E31BD00AB1BB4 /* Icon-Small-50x50@2x.png */; };
		F35B0161204E31BD00AB1BB4 /* ItunesArtwork@2x.png in Resources */ = {isa = PBXBuildFile; fileRef = F35B0149204E31BD00AB1BB4 /* ItunesArtwork@2x.png */; };
		F35B0163204E31CA00AB1BB4 /* Images.xcassets in Resources */ = {isa = PBXBuildFile; fileRef = F35B0162204E31CA00AB1BB4 /* Images.xcassets */; };
/* End PBXBuildFile section */

/* Begin PBXFileReference section */
		2934E1D272708AB023689460 /* Pods_FowlTalk.framework */ = {isa = PBXFileReference; explicitFileType = wrapper.framework; includeInIndex = 0; path = Pods_FowlTalk.framework; sourceTree = BUILT_PRODUCTS_DIR; };
		86C434CDA986E2DF342B1F5D /* Pods-FowlTalk.release.xcconfig */ = {isa = PBXFileReference; includeInIndex = 1; lastKnownFileType = text.xcconfig; name = "Pods-FowlTalk.release.xcconfig"; path = "Pods/Target Support Files/Pods-FowlTalk/Pods-FowlTalk.release.xcconfig"; sourceTree = "<group>"; };
		E41C2A3588EF01943C4852A5 /* Pods-FowlTalk.debug.xcconfig */ = {isa = PBXFileReference; includeInIndex = 1; lastKnownFileType = text.xcconfig; name = "Pods-FowlTalk.debug.xcconfig"; path = "Pods/Target Support Files/Pods-FowlTalk/Pods-FowlTalk.debug.xcconfig"; sourceTree = "<group>"; };
		F35B0112204B909A00AB1BB4 /* FowlTalk.app */ = {isa = PBXFileReference; explicitFileType = wrapper.application; includeInIndex = 0; path = FowlTalk.app; sourceTree = BUILT_PRODUCTS_DIR; };
		F35B0115204B909A00AB1BB4 /* AppDelegate.swift */ = {isa = PBXFileReference; lastKnownFileType = sourcecode.swift; path = AppDelegate.swift; sourceTree = "<group>"; };
		F35B0117204B909A00AB1BB4 /* ChatViewController.swift */ = {isa = PBXFileReference; lastKnownFileType = sourcecode.swift; path = ChatViewController.swift; sourceTree = "<group>"; };
		F35B011A204B909A00AB1BB4 /* Base */ = {isa = PBXFileReference; lastKnownFileType = file.storyboard; name = Base; path = Base.lproj/Main.storyboard; sourceTree = "<group>"; };
		F35B011C204B909A00AB1BB4 /* Assets.xcassets */ = {isa = PBXFileReference; lastKnownFileType = folder.assetcatalog; path = Assets.xcassets; sourceTree = "<group>"; };
		F35B011F204B909A00AB1BB4 /* Base */ = {isa = PBXFileReference; lastKnownFileType = file.storyboard; name = Base; path = Base.lproj/LaunchScreen.storyboard; sourceTree = "<group>"; };
		F35B0121204B909A00AB1BB4 /* Info.plist */ = {isa = PBXFileReference; lastKnownFileType = text.plist.xml; path = Info.plist; sourceTree = "<group>"; };
		F35B0127204B965200AB1BB4 /* Podfile */ = {isa = PBXFileReference; lastKnownFileType = text; path = Podfile; sourceTree = "<group>"; xcLanguageSpecificationIdentifier = xcode.lang.ruby; };
		F35B0129204B97C600AB1BB4 /* Bridging-Header.h */ = {isa = PBXFileReference; lastKnownFileType = sourcecode.c.h; path = "Bridging-Header.h"; sourceTree = "<group>"; };
		F35B012A204B9DAC00AB1BB4 /* GoogleService-Info.plist */ = {isa = PBXFileReference; fileEncoding = 4; lastKnownFileType = text.plist.xml; path = "GoogleService-Info.plist"; sourceTree = "<group>"; };
		F35B012C204B9EB700AB1BB4 /* Constants.swift */ = {isa = PBXFileReference; lastKnownFileType = sourcecode.swift; path = Constants.swift; sourceTree = "<group>"; };
		F35B012F204CEFF200AB1BB4 /* LocationViewController.swift */ = {isa = PBXFileReference; lastKnownFileType = sourcecode.swift; path = LocationViewController.swift; sourceTree = "<group>"; };
		F35B0132204E31BD00AB1BB4 /* Contents.json */ = {isa = PBXFileReference; fileEncoding = 4; lastKnownFileType = text.json; path = Contents.json; sourceTree = "<group>"; };
		F35B0133204E31BD00AB1BB4 /* Icon-App-20x20@1x.png */ = {isa = PBXFileReference; lastKnownFileType = image.png; path = "Icon-App-20x20@1x.png"; sourceTree = "<group>"; };
		F35B0134204E31BD00AB1BB4 /* Icon-App-20x20@2x.png */ = {isa = PBXFileReference; lastKnownFileType = image.png; path = "Icon-App-20x20@2x.png"; sourceTree = "<group>"; };
		F35B0135204E31BD00AB1BB4 /* Icon-App-20x20@3x.png */ = {isa = PBXFileReference; lastKnownFileType = image.png; path = "Icon-App-20x20@3x.png"; sourceTree = "<group>"; };
		F35B0136204E31BD00AB1BB4 /* Icon-App-29x29@1x.png */ = {isa = PBXFileReference; lastKnownFileType = image.png; path = "Icon-App-29x29@1x.png"; sourceTree = "<group>"; };
		F35B0137204E31BD00AB1BB4 /* Icon-App-29x29@2x.png */ = {isa = PBXFileReference; lastKnownFileType = image.png; path = "Icon-App-29x29@2x.png"; sourceTree = "<group>"; };
		F35B0138204E31BD00AB1BB4 /* Icon-App-29x29@3x.png */ = {isa = PBXFileReference; lastKnownFileType = image.png; path = "Icon-App-29x29@3x.png"; sourceTree = "<group>"; };
		F35B0139204E31BD00AB1BB4 /* Icon-App-40x40@1x.png */ = {isa = PBXFileReference; lastKnownFileType = image.png; path = "Icon-App-40x40@1x.png"; sourceTree = "<group>"; };
		F35B013A204E31BD00AB1BB4 /* Icon-App-40x40@2x.png */ = {isa = PBXFileReference; lastKnownFileType = image.png; path = "Icon-App-40x40@2x.png"; sourceTree = "<group>"; };
		F35B013B204E31BD00AB1BB4 /* Icon-App-40x40@3x.png */ = {isa = PBXFileReference; lastKnownFileType = image.png; path = "Icon-App-40x40@3x.png"; sourceTree = "<group>"; };
		F35B013C204E31BD00AB1BB4 /* Icon-App-57x57@1x.png */ = {isa = PBXFileReference; lastKnownFileType = image.png; path = "Icon-App-57x57@1x.png"; sourceTree = "<group>"; };
		F35B013D204E31BD00AB1BB4 /* Icon-App-57x57@2x.png */ = {isa = PBXFileReference; lastKnownFileType = image.png; path = "Icon-App-57x57@2x.png"; sourceTree = "<group>"; };
		F35B013E204E31BD00AB1BB4 /* Icon-App-60x60@1x.png */ = {isa = PBXFileReference; lastKnownFileType = image.png; path = "Icon-App-60x60@1x.png"; sourceTree = "<group>"; };
		F35B013F204E31BD00AB1BB4 /* Icon-App-60x60@2x.png */ = {isa = PBXFileReference; lastKnownFileType = image.png; path = "Icon-App-60x60@2x.png"; sourceTree = "<group>"; };
		F35B0140204E31BD00AB1BB4 /* Icon-App-60x60@3x.png */ = {isa = PBXFileReference; lastKnownFileType = image.png; path = "Icon-App-60x60@3x.png"; sourceTree = "<group>"; };
		F35B0141204E31BD00AB1BB4 /* Icon-App-72x72@1x.png */ = {isa = PBXFileReference; lastKnownFileType = image.png; path = "Icon-App-72x72@1x.png"; sourceTree = "<group>"; };
		F35B0142204E31BD00AB1BB4 /* Icon-App-72x72@2x.png */ = {isa = PBXFileReference; lastKnownFileType = image.png; path = "Icon-App-72x72@2x.png"; sourceTree = "<group>"; };
		F35B0143204E31BD00AB1BB4 /* Icon-App-76x76@1x.png */ = {isa = PBXFileReference; lastKnownFileType = image.png; path = "Icon-App-76x76@1x.png"; sourceTree = "<group>"; };
		F35B0144204E31BD00AB1BB4 /* Icon-App-76x76@2x.png */ = {isa = PBXFileReference; lastKnownFileType = image.png; path = "Icon-App-76x76@2x.png"; sourceTree = "<group>"; };
		F35B0145204E31BD00AB1BB4 /* Icon-App-76x76@3x.png */ = {isa = PBXFileReference; lastKnownFileType = image.png; path = "Icon-App-76x76@3x.png"; sourceTree = "<group>"; };
		F35B0146204E31BD00AB1BB4 /* Icon-App-83.5x83.5@2x.png */ = {isa = PBXFileReference; lastKnownFileType = image.png; path = "Icon-App-83.5x83.5@2x.png"; sourceTree = "<group>"; };
		F35B0147204E31BD00AB1BB4 /* Icon-Small-50x50@1x.png */ = {isa = PBXFileReference; lastKnownFileType = image.png; path = "Icon-Small-50x50@1x.png"; sourceTree = "<group>"; };
		F35B0148204E31BD00AB1BB4 /* Icon-Small-50x50@2x.png */ = {isa = PBXFileReference; lastKnownFileType = image.png; path = "Icon-Small-50x50@2x.png"; sourceTree = "<group>"; };
		F35B0149204E31BD00AB1BB4 /* ItunesArtwork@2x.png */ = {isa = PBXFileReference; lastKnownFileType = image.png; path = "ItunesArtwork@2x.png"; sourceTree = "<group>"; };
		F35B0162204E31CA00AB1BB4 /* Images.xcassets */ = {isa = PBXFileReference; lastKnownFileType = folder.assetcatalog; path = Images.xcassets; sourceTree = "<group>"; };
		F35B0164204E67DC00AB1BB4 /* FowlTalk.entitlements */ = {isa = PBXFileReference; lastKnownFileType = text.plist.entitlements; path = FowlTalk.entitlements; sourceTree = "<group>"; };
/* End PBXFileReference section */

/* Begin PBXFrameworksBuildPhase section */
		F35B010F204B909A00AB1BB4 /* Frameworks */ = {
			isa = PBXFrameworksBuildPhase;
			buildActionMask = 2147483647;
			files = (
				0F24E040973335E02E247D4A /* Pods_FowlTalk.framework in Frameworks */,
			);
			runOnlyForDeploymentPostprocessing = 0;
		};
/* End PBXFrameworksBuildPhase section */

/* Begin PBXGroup section */
		51C516A85109BED1B4A224DA /* Frameworks */ = {
			isa = PBXGroup;
			children = (
				2934E1D272708AB023689460 /* Pods_FowlTalk.framework */,
			);
			name = Frameworks;
			sourceTree = "<group>";
		};
		F235C8A714B7428EAC8DD036 /* Pods */ = {
			isa = PBXGroup;
			children = (
				E41C2A3588EF01943C4852A5 /* Pods-FowlTalk.debug.xcconfig */,
				86C434CDA986E2DF342B1F5D /* Pods-FowlTalk.release.xcconfig */,
			);
			name = Pods;
			sourceTree = "<group>";
		};
		F35B0109204B909A00AB1BB4 = {
			isa = PBXGroup;
			children = (
				F35B012C204B9EB700AB1BB4 /* Constants.swift */,
				F35B012A204B9DAC00AB1BB4 /* GoogleService-Info.plist */,
				F35B0129204B97C600AB1BB4 /* Bridging-Header.h */,
				F35B0127204B965200AB1BB4 /* Podfile */,
				F35B0114204B909A00AB1BB4 /* FowlTalk */,
				F35B0113204B909A00AB1BB4 /* Products */,
				F235C8A714B7428EAC8DD036 /* Pods */,
				51C516A85109BED1B4A224DA /* Frameworks */,
			);
			sourceTree = "<group>";
		};
		F35B0113204B909A00AB1BB4 /* Products */ = {
			isa = PBXGroup;
			children = (
				F35B0112204B909A00AB1BB4 /* FowlTalk.app */,
			);
			name = Products;
			sourceTree = "<group>";
		};
		F35B0114204B909A00AB1BB4 /* FowlTalk */ = {
			isa = PBXGroup;
			children = (
				F35B0164204E67DC00AB1BB4 /* FowlTalk.entitlements */,
				F35B0115204B909A00AB1BB4 /* AppDelegate.swift */,
				F35B0117204B909A00AB1BB4 /* ChatViewController.swift */,
				F35B0119204B909A00AB1BB4 /* Main.storyboard */,
				F35B011C204B909A00AB1BB4 /* Assets.xcassets */,
				F35B0131204E31BD00AB1BB4 /* AppIcon.appiconset */,
				F35B011E204B909A00AB1BB4 /* LaunchScreen.storyboard */,
				F35B0121204B909A00AB1BB4 /* Info.plist */,
				F35B012F204CEFF200AB1BB4 /* LocationViewController.swift */,
				F35B0162204E31CA00AB1BB4 /* Images.xcassets */,
			);
			path = FowlTalk;
			sourceTree = "<group>";
		};
		F35B0131204E31BD00AB1BB4 /* AppIcon.appiconset */ = {
			isa = PBXGroup;
			children = (
				F35B0132204E31BD00AB1BB4 /* Contents.json */,
				F35B0133204E31BD00AB1BB4 /* Icon-App-20x20@1x.png */,
				F35B0134204E31BD00AB1BB4 /* Icon-App-20x20@2x.png */,
				F35B0135204E31BD00AB1BB4 /* Icon-App-20x20@3x.png */,
				F35B0136204E31BD00AB1BB4 /* Icon-App-29x29@1x.png */,
				F35B0137204E31BD00AB1BB4 /* Icon-App-29x29@2x.png */,
				F35B0138204E31BD00AB1BB4 /* Icon-App-29x29@3x.png */,
				F35B0139204E31BD00AB1BB4 /* Icon-App-40x40@1x.png */,
				F35B013A204E31BD00AB1BB4 /* Icon-App-40x40@2x.png */,
				F35B013B204E31BD00AB1BB4 /* Icon-App-40x40@3x.png */,
				F35B013C204E31BD00AB1BB4 /* Icon-App-57x57@1x.png */,
				F35B013D204E31BD00AB1BB4 /* Icon-App-57x57@2x.png */,
				F35B013E204E31BD00AB1BB4 /* Icon-App-60x60@1x.png */,
				F35B013F204E31BD00AB1BB4 /* Icon-App-60x60@2x.png */,
				F35B0140204E31BD00AB1BB4 /* Icon-App-60x60@3x.png */,
				F35B0141204E31BD00AB1BB4 /* Icon-App-72x72@1x.png */,
				F35B0142204E31BD00AB1BB4 /* Icon-App-72x72@2x.png */,
				F35B0143204E31BD00AB1BB4 /* Icon-App-76x76@1x.png */,
				F35B0144204E31BD00AB1BB4 /* Icon-App-76x76@2x.png */,
				F35B0145204E31BD00AB1BB4 /* Icon-App-76x76@3x.png */,
				F35B0146204E31BD00AB1BB4 /* Icon-App-83.5x83.5@2x.png */,
				F35B0147204E31BD00AB1BB4 /* Icon-Small-50x50@1x.png */,
				F35B0148204E31BD00AB1BB4 /* Icon-Small-50x50@2x.png */,
				F35B0149204E31BD00AB1BB4 /* ItunesArtwork@2x.png */,
			);
			path = AppIcon.appiconset;
			sourceTree = "<group>";
		};
/* End PBXGroup section */

/* Begin PBXNativeTarget section */
		F35B0111204B909A00AB1BB4 /* FowlTalk */ = {
			isa = PBXNativeTarget;
			buildConfigurationList = F35B0124204B909A00AB1BB4 /* Build configuration list for PBXNativeTarget "FowlTalk" */;
			buildPhases = (
				15D87612EA1AEB39A02F4920 /* [CP] Check Pods Manifest.lock */,
				F35B010E204B909A00AB1BB4 /* Sources */,
				F35B010F204B909A00AB1BB4 /* Frameworks */,
				F35B0110204B909A00AB1BB4 /* Resources */,
				B30FCFEF02F816B4358B5001 /* [CP] Embed Pods Frameworks */,
				58BC0667D3B74B2C82A6524F /* [CP] Copy Pods Resources */,
			);
			buildRules = (
			);
			dependencies = (
			);
			name = FowlTalk;
			productName = FowlTalk;
			productReference = F35B0112204B909A00AB1BB4 /* FowlTalk.app */;
			productType = "com.apple.product-type.application";
		};
/* End PBXNativeTarget section */

/* Begin PBXProject section */
		F35B010A204B909A00AB1BB4 /* Project object */ = {
			isa = PBXProject;
			attributes = {
				LastSwiftUpdateCheck = 0920;
				LastUpgradeCheck = 0920;
				ORGANIZATIONNAME = IntelliSkye;
				TargetAttributes = {
					F35B0111204B909A00AB1BB4 = {
						CreatedOnToolsVersion = 9.2;
						ProvisioningStyle = Automatic;
						SystemCapabilities = {
							com.apple.Push = {
								enabled = 1;
							};
						};
					};
				};
			};
			buildConfigurationList = F35B010D204B909A00AB1BB4 /* Build configuration list for PBXProject "FowlTalk" */;
			compatibilityVersion = "Xcode 8.0";
			developmentRegion = en;
			hasScannedForEncodings = 0;
			knownRegions = (
				en,
				Base,
			);
			mainGroup = F35B0109204B909A00AB1BB4;
			productRefGroup = F35B0113204B909A00AB1BB4 /* Products */;
			projectDirPath = "";
			projectRoot = "";
			targets = (
				F35B0111204B909A00AB1BB4 /* FowlTalk */,
			);
		};
/* End PBXProject section */

/* Begin PBXResourcesBuildPhase section */
		F35B0110204B909A00AB1BB4 /* Resources */ = {
			isa = PBXResourcesBuildPhase;
			buildActionMask = 2147483647;
			files = (
				F35B0153204E31BD00AB1BB4 /* Icon-App-40x40@3x.png in Resources */,
				F35B014B204E31BD00AB1BB4 /* Icon-App-20x20@1x.png in Resources */,
				F35B0120204B909A00AB1BB4 /* LaunchScreen.storyboard in Resources */,
				F35B014C204E31BD00AB1BB4 /* Icon-App-20x20@2x.png in Resources */,
				F35B0161204E31BD00AB1BB4 /* ItunesArtwork@2x.png in Resources */,
				F35B011D204B909A00AB1BB4 /* Assets.xcassets in Resources */,
				F35B0154204E31BD00AB1BB4 /* Icon-App-57x57@1x.png in Resources */,
				F35B012B204B9DAC00AB1BB4 /* GoogleService-Info.plist in Resources */,
				F35B0150204E31BD00AB1BB4 /* Icon-App-29x29@3x.png in Resources */,
				F35B015E204E31BD00AB1BB4 /* Icon-App-83.5x83.5@2x.png in Resources */,
				F35B015C204E31BD00AB1BB4 /* Icon-App-76x76@2x.png in Resources */,
				F35B015B204E31BD00AB1BB4 /* Icon-App-76x76@1x.png in Resources */,
				F35B015A204E31BD00AB1BB4 /* Icon-App-72x72@2x.png in Resources */,
				F35B015F204E31BD00AB1BB4 /* Icon-Small-50x50@1x.png in Resources */,
				F35B0157204E31BD00AB1BB4 /* Icon-App-60x60@2x.png in Resources */,
				F35B014F204E31BD00AB1BB4 /* Icon-App-29x29@2x.png in Resources */,
				F35B0156204E31BD00AB1BB4 /* Icon-App-60x60@1x.png in Resources */,
				F35B0158204E31BD00AB1BB4 /* Icon-App-60x60@3x.png in Resources */,
				F35B0151204E31BD00AB1BB4 /* Icon-App-40x40@1x.png in Resources */,
				F35B014E204E31BD00AB1BB4 /* Icon-App-29x29@1x.png in Resources */,
				F35B015D204E31BD00AB1BB4 /* Icon-App-76x76@3x.png in Resources */,
				F35B0163204E31CA00AB1BB4 /* Images.xcassets in Resources */,
				F35B014D204E31BD00AB1BB4 /* Icon-App-20x20@3x.png in Resources */,
				F35B0152204E31BD00AB1BB4 /* Icon-App-40x40@2x.png in Resources */,
				F35B0160204E31BD00AB1BB4 /* Icon-Small-50x50@2x.png in Resources */,
				F35B0128204B965200AB1BB4 /* Podfile in Resources */,
				F35B011B204B909A00AB1BB4 /* Main.storyboard in Resources */,
				F35B014A204E31BD00AB1BB4 /* Contents.json in Resources */,
				F35B0159204E31BD00AB1BB4 /* Icon-App-72x72@1x.png in Resources */,
				F35B0155204E31BD00AB1BB4 /* Icon-App-57x57@2x.png in Resources */,
			);
			runOnlyForDeploymentPostprocessing = 0;
		};
/* End PBXResourcesBuildPhase section */

/* Begin PBXShellScriptBuildPhase section */
		15D87612EA1AEB39A02F4920 /* [CP] Check Pods Manifest.lock */ = {
			isa = PBXShellScriptBuildPhase;
			buildActionMask = 2147483647;
			files = (
			);
			inputPaths = (
			);
			name = "[CP] Check Pods Manifest.lock";
			outputPaths = (
			);
			runOnlyForDeploymentPostprocessing = 0;
			shellPath = /bin/sh;
			shellScript = "diff \"${PODS_PODFILE_DIR_PATH}/Podfile.lock\" \"${PODS_ROOT}/Manifest.lock\" > /dev/null\nif [ $? != 0 ] ; then\n    # print error to STDERR\n    echo \"error: The sandbox is not in sync with the Podfile.lock. Run 'pod install' or update your CocoaPods installation.\" >&2\n    exit 1\nfi\n";
			showEnvVarsInLog = 0;
		};
		58BC0667D3B74B2C82A6524F /* [CP] Copy Pods Resources */ = {
			isa = PBXShellScriptBuildPhase;
			buildActionMask = 2147483647;
			files = (
			);
			inputPaths = (
			);
			name = "[CP] Copy Pods Resources";
			outputPaths = (
			);
			runOnlyForDeploymentPostprocessing = 0;
			shellPath = /bin/sh;
			shellScript = "\"${SRCROOT}/Pods/Target Support Files/Pods-FowlTalk/Pods-FowlTalk-resources.sh\"\n";
			showEnvVarsInLog = 0;
		};
		B30FCFEF02F816B4358B5001 /* [CP] Embed Pods Frameworks */ = {
			isa = PBXShellScriptBuildPhase;
			buildActionMask = 2147483647;
			files = (
			);
			inputPaths = (
			);
			name = "[CP] Embed Pods Frameworks";
			outputPaths = (
			);
			runOnlyForDeploymentPostprocessing = 0;
			shellPath = /bin/sh;
			shellScript = "\"${SRCROOT}/Pods/Target Support Files/Pods-FowlTalk/Pods-FowlTalk-frameworks.sh\"\n";
			showEnvVarsInLog = 0;
		};
/* End PBXShellScriptBuildPhase section */

/* Begin PBXSourcesBuildPhase section */
		F35B010E204B909A00AB1BB4 /* Sources */ = {
			isa = PBXSourcesBuildPhase;
			buildActionMask = 2147483647;
			files = (
				F35B0118204B909A00AB1BB4 /* ChatViewController.swift in Sources */,
				F35B0116204B909A00AB1BB4 /* AppDelegate.swift in Sources */,
				F35B012D204B9EB700AB1BB4 /* Constants.swift in Sources */,
				F35B0130204CEFF200AB1BB4 /* LocationViewController.swift in Sources */,
			);
			runOnlyForDeploymentPostprocessing = 0;
		};
/* End PBXSourcesBuildPhase section */

/* Begin PBXVariantGroup section */
		F35B0119204B909A00AB1BB4 /* Main.storyboard */ = {
			isa = PBXVariantGroup;
			children = (
				F35B011A204B909A00AB1BB4 /* Base */,
			);
			name = Main.storyboard;
			sourceTree = "<group>";
		};
		F35B011E204B909A00AB1BB4 /* LaunchScreen.storyboard */ = {
			isa = PBXVariantGroup;
			children = (
				F35B011F204B909A00AB1BB4 /* Base */,
			);
			name = LaunchScreen.storyboard;
			sourceTree = "<group>";
		};
/* End PBXVariantGroup section */

/* Begin XCBuildConfiguration section */
		F35B0122204B909A00AB1BB4 /* Debug */ = {
			isa = XCBuildConfiguration;
			buildSettings = {
				ALWAYS_SEARCH_USER_PATHS = NO;
				CLANG_ANALYZER_NONNULL = YES;
				CLANG_ANALYZER_NUMBER_OBJECT_CONVERSION = YES_AGGRESSIVE;
				CLANG_CXX_LANGUAGE_STANDARD = "gnu++14";
				CLANG_CXX_LIBRARY = "libc++";
				CLANG_ENABLE_MODULES = YES;
				CLANG_ENABLE_OBJC_ARC = YES;
				CLANG_WARN_BLOCK_CAPTURE_AUTORELEASING = YES;
				CLANG_WARN_BOOL_CONVERSION = YES;
				CLANG_WARN_COMMA = YES;
				CLANG_WARN_CONSTANT_CONVERSION = YES;
				CLANG_WARN_DIRECT_OBJC_ISA_USAGE = YES_ERROR;
				CLANG_WARN_DOCUMENTATION_COMMENTS = YES;
				CLANG_WARN_EMPTY_BODY = YES;
				CLANG_WARN_ENUM_CONVERSION = YES;
				CLANG_WARN_INFINITE_RECURSION = YES;
				CLANG_WARN_INT_CONVERSION = YES;
				CLANG_WARN_NON_LITERAL_NULL_CONVERSION = YES;
				CLANG_WARN_OBJC_LITERAL_CONVERSION = YES;
				CLANG_WARN_OBJC_ROOT_CLASS = YES_ERROR;
				CLANG_WARN_RANGE_LOOP_ANALYSIS = YES;
				CLANG_WARN_STRICT_PROTOTYPES = YES;
				CLANG_WARN_SUSPICIOUS_MOVE = YES;
				CLANG_WARN_UNGUARDED_AVAILABILITY = YES_AGGRESSIVE;
				CLANG_WARN_UNREACHABLE_CODE = YES;
				CLANG_WARN__DUPLICATE_METHOD_MATCH = YES;
				CODE_SIGN_IDENTITY = "iPhone Developer";
				COPY_PHASE_STRIP = NO;
				DEBUG_INFORMATION_FORMAT = dwarf;
				ENABLE_STRICT_OBJC_MSGSEND = YES;
				ENABLE_TESTABILITY = YES;
				GCC_C_LANGUAGE_STANDARD = gnu11;
				GCC_DYNAMIC_NO_PIC = NO;
				GCC_NO_COMMON_BLOCKS = YES;
				GCC_OPTIMIZATION_LEVEL = 0;
				GCC_PREPROCESSOR_DEFINITIONS = (
					"DEBUG=1",
					"$(inherited)",
				);
				GCC_WARN_64_TO_32_BIT_CONVERSION = YES;
				GCC_WARN_ABOUT_RETURN_TYPE = YES_ERROR;
				GCC_WARN_UNDECLARED_SELECTOR = YES;
				GCC_WARN_UNINITIALIZED_AUTOS = YES_AGGRESSIVE;
				GCC_WARN_UNUSED_FUNCTION = YES;
				GCC_WARN_UNUSED_VARIABLE = YES;
				IPHONEOS_DEPLOYMENT_TARGET = 11.2;
				MTL_ENABLE_DEBUG_INFO = YES;
				ONLY_ACTIVE_ARCH = YES;
				SDKROOT = iphoneos;
				SWIFT_ACTIVE_COMPILATION_CONDITIONS = DEBUG;
				SWIFT_OPTIMIZATION_LEVEL = "-Onone";
			};
			name = Debug;
		};
		F35B0123204B909A00AB1BB4 /* Release */ = {
			isa = XCBuildConfiguration;
			buildSettings = {
				ALWAYS_SEARCH_USER_PATHS = NO;
				CLANG_ANALYZER_NONNULL = YES;
				CLANG_ANALYZER_NUMBER_OBJECT_CONVERSION = YES_AGGRESSIVE;
				CLANG_CXX_LANGUAGE_STANDARD = "gnu++14";
				CLANG_CXX_LIBRARY = "libc++";
				CLANG_ENABLE_MODULES = YES;
				CLANG_ENABLE_OBJC_ARC = YES;
				CLANG_WARN_BLOCK_CAPTURE_AUTORELEASING = YES;
				CLANG_WARN_BOOL_CONVERSION = YES;
				CLANG_WARN_COMMA = YES;
				CLANG_WARN_CONSTANT_CONVERSION = YES;
				CLANG_WARN_DIRECT_OBJC_ISA_USAGE = YES_ERROR;
				CLANG_WARN_DOCUMENTATION_COMMENTS = YES;
				CLANG_WARN_EMPTY_BODY = YES;
				CLANG_WARN_ENUM_CONVERSION = YES;
				CLANG_WARN_INFINITE_RECURSION = YES;
				CLANG_WARN_INT_CONVERSION = YES;
				CLANG_WARN_NON_LITERAL_NULL_CONVERSION = YES;
				CLANG_WARN_OBJC_LITERAL_CONVERSION = YES;
				CLANG_WARN_OBJC_ROOT_CLASS = YES_ERROR;
				CLANG_WARN_RANGE_LOOP_ANALYSIS = YES;
				CLANG_WARN_STRICT_PROTOTYPES = YES;
				CLANG_WARN_SUSPICIOUS_MOVE = YES;
				CLANG_WARN_UNGUARDED_AVAILABILITY = YES_AGGRESSIVE;
				CLANG_WARN_UNREACHABLE_CODE = YES;
				CLANG_WARN__DUPLICATE_METHOD_MATCH = YES;
				CODE_SIGN_IDENTITY = "iPhone Developer";
				COPY_PHASE_STRIP = NO;
				DEBUG_INFORMATION_FORMAT = "dwarf-with-dsym";
				ENABLE_NS_ASSERTIONS = NO;
				ENABLE_STRICT_OBJC_MSGSEND = YES;
				GCC_C_LANGUAGE_STANDARD = gnu11;
				GCC_NO_COMMON_BLOCKS = YES;
				GCC_WARN_64_TO_32_BIT_CONVERSION = YES;
				GCC_WARN_ABOUT_RETURN_TYPE = YES_ERROR;
				GCC_WARN_UNDECLARED_SELECTOR = YES;
				GCC_WARN_UNINITIALIZED_AUTOS = YES_AGGRESSIVE;
				GCC_WARN_UNUSED_FUNCTION = YES;
				GCC_WARN_UNUSED_VARIABLE = YES;
				IPHONEOS_DEPLOYMENT_TARGET = 11.2;
				MTL_ENABLE_DEBUG_INFO = NO;
				SDKROOT = iphoneos;
				SWIFT_OPTIMIZATION_LEVEL = "-Owholemodule";
				VALIDATE_PRODUCT = YES;
			};
			name = Release;
		};
		F35B0125204B909A00AB1BB4 /* Debug */ = {
			isa = XCBuildConfiguration;
			baseConfigurationReference = E41C2A3588EF01943C4852A5 /* Pods-FowlTalk.debug.xcconfig */;
			buildSettings = {
				ASSETCATALOG_COMPILER_APPICON_NAME = "AppIcon-1";
				ASSETCATALOG_COMPILER_LAUNCHIMAGE_NAME = LaunchImage;
				CODE_SIGN_ENTITLEMENTS = FowlTalk/FowlTalk.entitlements;
				CODE_SIGN_STYLE = Automatic;
				DEVELOPMENT_TEAM = 9KR276P772;
				INFOPLIST_FILE = FowlTalk/Info.plist;
				IPHONEOS_DEPLOYMENT_TARGET = 11.0;
				LD_RUNPATH_SEARCH_PATHS = "$(inherited) @executable_path/Frameworks";
				PRODUCT_BUNDLE_IDENTIFIER = com.intelliskye.FowlTalk;
				PRODUCT_NAME = "$(TARGET_NAME)";
				SWIFT_OBJC_BRIDGING_HEADER = "Bridging-Header.h";
				SWIFT_VERSION = 4.0;
				TARGETED_DEVICE_FAMILY = "1,2";
			};
			name = Debug;
		};
		F35B0126204B909A00AB1BB4 /* Release */ = {
			isa = XCBuildConfiguration;
			baseConfigurationReference = 86C434CDA986E2DF342B1F5D /* Pods-FowlTalk.release.xcconfig */;
			buildSettings = {
				ASSETCATALOG_COMPILER_APPICON_NAME = "AppIcon-1";
				ASSETCATALOG_COMPILER_LAUNCHIMAGE_NAME = LaunchImage;
				CODE_SIGN_ENTITLEMENTS = FowlTalk/FowlTalk.entitlements;
				CODE_SIGN_STYLE = Automatic;
				DEVELOPMENT_TEAM = 9KR276P772;
				INFOPLIST_FILE = FowlTalk/Info.plist;
				IPHONEOS_DEPLOYMENT_TARGET = 11.0;
				LD_RUNPATH_SEARCH_PATHS = "$(inherited) @executable_path/Frameworks";
				PRODUCT_BUNDLE_IDENTIFIER = com.intelliskye.FowlTalk;
				PRODUCT_NAME = "$(TARGET_NAME)";
				SWIFT_OBJC_BRIDGING_HEADER = "Bridging-Header.h";
				SWIFT_VERSION = 4.0;
				TARGETED_DEVICE_FAMILY = "1,2";
			};
			name = Release;
		};
/* End XCBuildConfiguration section */

/* Begin XCConfigurationList section */
		F35B010D204B909A00AB1BB4 /* Build configuration list for PBXProject "FowlTalk" */ = {
			isa = XCConfigurationList;
			buildConfigurations = (
				F35B0122204B909A00AB1BB4 /* Debug */,
				F35B0123204B909A00AB1BB4 /* Release */,
			);
			defaultConfigurationIsVisible = 0;
			defaultConfigurationName = Release;
		};
		F35B0124204B909A00AB1BB4 /* Build configuration list for PBXNativeTarget "FowlTalk" */ = {
			isa = XCConfigurationList;
			buildConfigurations = (
				F35B0125204B909A00AB1BB4 /* Debug */,
				F35B0126204B909A00AB1BB4 /* Release */,
			);
			defaultConfigurationIsVisible = 0;
			defaultConfigurationName = Release;
		};
/* End XCConfigurationList section */
	};
	rootObject = F35B010A204B909A00AB1BB4 /* Project object */;
}
